
Microsoft Visual Studio Solution File, Format Version 12.00
# Visual Studio Version 16
VisualStudioVersion = 16.0.30330.147
MinimumVisualStudioVersion = 10.0.40219.1
Project("{9A19103F-16F7-4668-BE54-9A1E7A4F7556}") = "LootCouncil", "LootCouncil\LootCouncil.csproj", "{9B39FD8E-CE2E-4EB8-BE05-A500004C5401}"
EndProject
Global
	GlobalSection(SolutionConfigurationPlatforms) = preSolution
		Debug|Any CPU = Debug|Any CPU
		Release|Any CPU = Release|Any CPU
	EndGlobalSection
	GlobalSection(ProjectConfigurationPlatforms) = postSolution
		{9B39FD8E-CE2E-4EB8-BE05-A500004C5401}.Debug|Any CPU.ActiveCfg = Debug|Any CPU
		{9B39FD8E-CE2E-4EB8-BE05-A500004C5401}.Debug|Any CPU.Build.0 = Debug|Any CPU
		{9B39FD8E-CE2E-4EB8-BE05-A500004C5401}.Release|Any CPU.ActiveCfg = Release|Any CPU
		{9B39FD8E-CE2E-4EB8-BE05-A500004C5401}.Release|Any CPU.Build.0 = Release|Any CPU
	EndGlobalSection
	GlobalSection(SolutionProperties) = preSolution
		HideSolutionNode = FALSE
	EndGlobalSection
	GlobalSection(ExtensibilityGlobals) = postSolution
		SolutionGuid = {FDB472E9-D406-496E-A9C6-836F8C197A12}
	EndGlobalSection
EndGlobal
